
Microsoft Visual Studio Solution File, Format Version 12.00
# Visual Studio Version 17
VisualStudioVersion = 17.14.36429.23 d17.14
MinimumVisualStudioVersion = 10.0.40219.1
Project("{FAE04EC0-301F-11D3-BF4B-00C04F79EFBC}") = "Valasztasok", "Valasztasok.csproj", "{065077F6-FB6E-4DE0-92F0-0763297F5108}"
EndProject
Project("{FAE04EC0-301F-11D3-BF4B-00C04F79EFBC}") = "Szavazogep", "..\Szavazogep\Szavazogep.csproj", "{D5B6B598-9F2F-4E60-98FC-E71321B88811}"
EndProject
Global
	GlobalSection(SolutionConfigurationPlatforms) = preSolution
		Debug|Any CPU = Debug|Any CPU
		Release|Any CPU = Release|Any CPU
	EndGlobalSection
	GlobalSection(ProjectConfigurationPlatforms) = postSolution
		{065077F6-FB6E-4DE0-92F0-0763297F5108}.Debug|Any CPU.ActiveCfg = Debug|Any CPU
		{065077F6-FB6E-4DE0-92F0-0763297F5108}.Debug|Any CPU.Build.0 = Debug|Any CPU
		{065077F6-FB6E-4DE0-92F0-0763297F5108}.Release|Any CPU.ActiveCfg = Release|Any CPU
		{065077F6-FB6E-4DE0-92F0-0763297F5108}.Release|Any CPU.Build.0 = Release|Any CPU
		{D5B6B598-9F2F-4E60-98FC-E71321B88811}.Debug|Any CPU.ActiveCfg = Debug|Any CPU
		{D5B6B598-9F2F-4E60-98FC-E71321B88811}.Debug|Any CPU.Build.0 = Debug|Any CPU
		{D5B6B598-9F2F-4E60-98FC-E71321B88811}.Release|Any CPU.ActiveCfg = Release|Any CPU
		{D5B6B598-9F2F-4E60-98FC-E71321B88811}.Release|Any CPU.Build.0 = Release|Any CPU
	EndGlobalSection
	GlobalSection(SolutionProperties) = preSolution
		HideSolutionNode = FALSE
	EndGlobalSection
	GlobalSection(ExtensibilityGlobals) = postSolution
		SolutionGuid = {533E9005-341F-4FF2-A380-5F8F365C65AC}
	EndGlobalSection
EndGlobal
